
Microsoft Visual Studio Solution File, Format Version 12.00
# Visual Studio Version 17
VisualStudioVersion = 17.14.36127.28
MinimumVisualStudioVersion = 10.0.40219.1
Project("{FAE04EC0-301F-11D3-BF4B-00C04F79EFBC}") = "azure-app-cp", "azure-app-cp.csproj", "{BA542A9A-AC6B-2140-FDCC-34E61748D0A4}"
EndProject
Global
	GlobalSection(SolutionConfigurationPlatforms) = preSolution
		Debug|Any CPU = Debug|Any CPU
		Release|Any CPU = Release|Any CPU
	EndGlobalSection
	GlobalSection(ProjectConfigurationPlatforms) = postSolution
		{BA542A9A-AC6B-2140-FDCC-34E61748D0A4}.Debug|Any CPU.ActiveCfg = Debug|Any CPU
		{BA542A9A-AC6B-2140-FDCC-34E61748D0A4}.Debug|Any CPU.Build.0 = Debug|Any CPU
		{BA542A9A-AC6B-2140-FDCC-34E61748D0A4}.Release|Any CPU.ActiveCfg = Release|Any CPU
		{BA542A9A-AC6B-2140-FDCC-34E61748D0A4}.Release|Any CPU.Build.0 = Release|Any CPU
	EndGlobalSection
	GlobalSection(SolutionProperties) = preSolution
		HideSolutionNode = FALSE
	EndGlobalSection
	GlobalSection(ExtensibilityGlobals) = postSolution
		SolutionGuid = {C667EC50-8091-493B-B2F1-EE282B410C48}
	EndGlobalSection
EndGlobal
